
Microsoft Visual Studio Solution File, Format Version 12.00
# Visual Studio Version 16
VisualStudioVersion = 16.0.31321.278
MinimumVisualStudioVersion = 10.0.40219.1
Project("{FAE04EC0-301F-11D3-BF4B-00C04F79EFBC}") = "ChallengeRecursiva", "ChallengeRecursiva.csproj", "{FB1B64B1-D73E-44F3-89FF-10C08165C99F}"
EndProject
Global
	GlobalSection(SolutionConfigurationPlatforms) = preSolution
		Debug|Any CPU = Debug|Any CPU
		Release|Any CPU = Release|Any CPU
	EndGlobalSection
	GlobalSection(ProjectConfigurationPlatforms) = postSolution
		{FB1B64B1-D73E-44F3-89FF-10C08165C99F}.Debug|Any CPU.ActiveCfg = Debug|Any CPU
		{FB1B64B1-D73E-44F3-89FF-10C08165C99F}.Debug|Any CPU.Build.0 = Debug|Any CPU
		{FB1B64B1-D73E-44F3-89FF-10C08165C99F}.Release|Any CPU.ActiveCfg = Release|Any CPU
		{FB1B64B1-D73E-44F3-89FF-10C08165C99F}.Release|Any CPU.Build.0 = Release|Any CPU
	EndGlobalSection
	GlobalSection(SolutionProperties) = preSolution
		HideSolutionNode = FALSE
	EndGlobalSection
	GlobalSection(ExtensibilityGlobals) = postSolution
		SolutionGuid = {CD525484-806C-443A-878D-9FAFAE9AA98E}
	EndGlobalSection
EndGlobal
